{
  "name": "markdown-enhanced",
  "version": "0.4.0",
  "lockfileVersion": 2,
  "requires": true,
  "packages": {
    "": {
      "name": "markdown-enhanced",
      "version": "0.4.0",
      "license": "SEE LICENSE IN LICENSE",
      "dependencies": {
        "github-markdown-css": "^5.0.0",
        "highlight.js": "^11.3.1",
        "markdown-it-abbr": "^1.0.4",
        "markdown-it-anchor": "^8.4.1",
        "markdown-it-attrs": "^4.1.0",
        "markdown-it-deflist": "^2.1.0",
        "markdown-it-footnote": "^3.0.3",
        "markdown-it-mark": "^3.0.1",
        "markdown-it-sub": "^1.0.0",
        "markdown-it-sup": "^1.0.0",
        "markdown-it-table-of-contents": "^0.6.0",
        "markdown-it-task-lists": "^2.1.1",
        "markdown-it-underline": "^1.0.1",
        "prismjs": "^1.25.0"
      },
      "devDependencies": {
        "@types/markdown-it": "^12.2.3",
        "@types/node": "^16.11.11",
        "@types/prismjs": "^1.16.6",
        "@types/vscode": "^1.62.0",
        "markdown-it": "^12.2.0",
        "typescript": "^4.4.3"
      },
      "engines": {
        "vscode": "^1.62.0"
      }
    },
    "node_modules/@types/linkify-it": {
      "version": "3.0.2",
      "resolved": "https://registry.npmmirror.com/@types/linkify-it/download/@types/linkify-it-3.0.2.tgz",
      "integrity": "sha1-/SzS7bqn6qx+fzwXSLUqGRQ4Rsk="
    },
    "node_modules/@types/markdown-it": {
      "version": "12.2.3",
      "resolved": "https://registry.npmmirror.com/@types/markdown-it/download/@types/markdown-it-12.2.3.tgz",
      "integrity": "sha1-DW9uXkE/jaqiZSKQRZe+PWzZO1E=",
      "license": "MIT",
      "dependencies": {
        "@types/linkify-it": "*",
        "@types/mdurl": "*"
      }
    },
    "node_modules/@types/mdurl": {
      "version": "1.0.2",
      "resolved": "https://registry.npmmirror.com/@types/mdurl/download/@types/mdurl-1.0.2.tgz",
      "integrity": "sha1-4s6dg6YTus8oTHvn1JGUXjnh+Ok="
    },
    "node_modules/@types/node": {
      "version": "16.11.11",
      "resolved": "https://registry.npmmirror.com/@types/node/download/@types/node-16.11.11.tgz",
      "integrity": "sha512-KB0sixD67CeecHC33MYn+eYARkqTheIRNuu97y2XMjR7Wu3XibO1vaY6VBV6O/a89SPI81cEUIYT87UqUWlZNw==",
      "dev": true
    },
    "node_modules/@types/prismjs": {
      "version": "1.16.6",
      "resolved": "https://registry.npmmirror.com/@types/prismjs/download/@types/prismjs-1.16.6.tgz",
      "integrity": "sha1-N3BU9y9nGzbb54xRfOKyedg+zEA=",
      "dev": true
    },
    "node_modules/@types/vscode": {
      "version": "1.62.0",
      "resolved": "https://registry.npmmirror.com/@types/vscode/download/@types/vscode-1.62.0.tgz",
      "integrity": "sha1-tNbRktWut16R0K3vaJw+zvmHnac=",
      "dev": true,
      "license": "MIT"
    },
    "node_modules/argparse": {
      "version": "2.0.1",
      "resolved": "https://registry.npmmirror.com/argparse/download/argparse-2.0.1.tgz",
      "integrity": "sha1-JG9Q88p4oyQPbJl+ipvR6sSeSzg="
    },
    "node_modules/entities": {
      "version": "2.1.0",
      "resolved": "https://registry.npmmirror.com/entities/download/entities-2.1.0.tgz",
      "integrity": "sha1-mS0xKc999ocLlsV4WMJJoSD4uLU="
    },
    "node_modules/github-markdown-css": {
      "version": "5.0.0",
      "resolved": "https://registry.npmmirror.com/github-markdown-css/download/github-markdown-css-5.0.0.tgz",
      "integrity": "sha1-gplmknZDQm8KQ6q+6ZkaPtUyKA0=",
      "license": "MIT",
      "funding": {
        "url": "https://github.com/sponsors/sindresorhus"
      }
    },
    "node_modules/highlight.js": {
      "version": "11.3.1",
      "resolved": "https://registry.npmmirror.com/highlight.js/download/highlight.js-11.3.1.tgz",
      "integrity": "sha1-gTB47zqlGcYXAPhP6QRyMcXcMpE=",
      "license": "BSD-3-Clause",
      "engines": {
        "node": ">=12.0.0"
      }
    },
    "node_modules/linkify-it": {
      "version": "3.0.3",
      "resolved": "https://registry.npmmirror.com/linkify-it/download/linkify-it-3.0.3.tgz",
      "integrity": "sha1-qYuvRM5FpVDvtNScdp0HUkzC+i4=",
      "license": "MIT",
      "dependencies": {
        "uc.micro": "^1.0.1"
      }
    },
    "node_modules/markdown-it": {
      "version": "12.2.0",
      "resolved": "https://registry.npmmirror.com/markdown-it/download/markdown-it-12.2.0.tgz",
      "integrity": "sha1-CR9yD9XbIG+A3nqNHxpwNf0NONs=",
      "dependencies": {
        "argparse": "^2.0.1",
        "entities": "~2.1.0",
        "linkify-it": "^3.0.1",
        "mdurl": "^1.0.1",
        "uc.micro": "^1.0.5"
      },
      "bin": {
        "markdown-it": "bin/markdown-it.js"
      }
    },
    "node_modules/markdown-it-abbr": {
      "version": "1.0.4",
      "resolved": "https://registry.npmmirror.com/markdown-it-abbr/download/markdown-it-abbr-1.0.4.tgz",
      "integrity": "sha1-1mtTZFIcuz3Yqlna37ovtoZcj9g="
    },
    "node_modules/markdown-it-anchor": {
      "version": "8.4.1",
      "resolved": "https://registry.npmmirror.com/markdown-it-anchor/download/markdown-it-anchor-8.4.1.tgz",
      "integrity": "sha1-KeVgWT9e24CyX9q4sj+T74qRsx4=",
      "license": "Unlicense",
      "peerDependencies": {
        "@types/markdown-it": "*",
        "markdown-it": "*"
      }
    },
    "node_modules/markdown-it-attrs": {
      "version": "4.1.0",
      "resolved": "https://registry.npmmirror.com/markdown-it-attrs/download/markdown-it-attrs-4.1.0.tgz",
      "integrity": "sha1-4n8CPNhzGxW0pelx1R5vRbO5R7w=",
      "license": "MIT",
      "engines": {
        "node": ">=6"
      },
      "peerDependencies": {
        "markdown-it": ">= 9.0.0 < 13.0.0"
      }
    },
    "node_modules/markdown-it-deflist": {
      "version": "2.1.0",
      "resolved": "https://registry.npmmirror.com/markdown-it-deflist/download/markdown-it-deflist-2.1.0.tgz",
      "integrity": "sha1-UNela5VEzYElL3YjvXheKKjc71w="
    },
    "node_modules/markdown-it-footnote": {
      "version": "3.0.3",
      "resolved": "https://registry.npmmirror.com/markdown-it-footnote/download/markdown-it-footnote-3.0.3.tgz",
      "integrity": "sha1-4OTA1nOQpMXwx19zvmBcfBkMpNg="
    },
    "node_modules/markdown-it-mark": {
      "version": "3.0.1",
      "resolved": "https://registry.npmmirror.com/markdown-it-mark/download/markdown-it-mark-3.0.1.tgz",
      "integrity": "sha1-USV9tYeH14qvRtwTQY2ZqfPw69M="
    },
    "node_modules/markdown-it-sub": {
      "version": "1.0.0",
      "resolved": "https://registry.npmmirror.com/markdown-it-sub/download/markdown-it-sub-1.0.0.tgz",
      "integrity": "sha1-N1/WAm6ufdywEkl/ZBEZXqHjr+g="
    },
    "node_modules/markdown-it-sup": {
      "version": "1.0.0",
      "resolved": "https://registry.npmmirror.com/markdown-it-sup/download/markdown-it-sup-1.0.0.tgz",
      "integrity": "sha1-y5yf+RpSVawI8/09YyhuFd8KH8M="
    },
    "node_modules/markdown-it-table-of-contents": {
      "version": "0.6.0",
      "resolved": "https://registry.npmmirror.com/markdown-it-table-of-contents/download/markdown-it-table-of-contents-0.6.0.tgz",
      "integrity": "sha512-jHvEjZVEibyW97zEYg19mZCIXO16lHbvRaPDkEuOfMPBmzlI7cYczMZLMfUvwkhdOVQpIxu3gx6mgaw46KsNsQ==",
      "engines": {
        "node": ">6.4.0"
      }
    },
    "node_modules/markdown-it-task-lists": {
      "version": "2.1.1",
      "resolved": "https://registry.npmmirror.com/markdown-it-task-lists/download/markdown-it-task-lists-2.1.1.tgz",
      "integrity": "sha1-9o9NKsK61aLDc7qTCBoaaEhBcIg="
    },
    "node_modules/markdown-it-underline": {
      "version": "1.0.1",
      "resolved": "https://registry.npmmirror.com/markdown-it-underline/download/markdown-it-underline-1.0.1.tgz",
      "integrity": "sha1-Q6VKVB2V1zm0MVdwHx2jBtfDALI="
    },
    "node_modules/mdurl": {
      "version": "1.0.1",
      "resolved": "https://registry.npmmirror.com/mdurl/download/mdurl-1.0.1.tgz",
      "integrity": "sha1-/oWy7HWlkDfyrf7BAP1sYBdhFS4="
    },
    "node_modules/prismjs": {
      "version": "1.25.0",
      "resolved": "https://registry.npmmirror.com/prismjs/download/prismjs-1.25.0.tgz",
      "integrity": "sha1-b4It8b2tllc0sxCzFaIzFc+Zl1Y="
    },
    "node_modules/typescript": {
      "version": "4.5.2",
      "resolved": "https://registry.npmmirror.com/typescript/download/typescript-4.5.2.tgz",
      "integrity": "sha512-5BlMof9H1yGt0P8/WF+wPNw6GfctgGjXp5hkblpyT+8rkASSmkUKMXrxR0Xg8ThVCi/JnHQiKXeBaEwCeQwMFw==",
      "dev": true,
      "bin": {
        "tsc": "bin/tsc",
        "tsserver": "bin/tsserver"
      },
      "engines": {
        "node": ">=4.2.0"
      }
    },
    "node_modules/uc.micro": {
      "version": "1.0.6",
      "resolved": "https://registry.npmmirror.com/uc.micro/download/uc.micro-1.0.6.tgz",
      "integrity": "sha1-nEEagCpAmpH8bPdAgbq6NLJEmaw="
    }
  },
  "dependencies": {
    "@types/linkify-it": {
      "version": "3.0.2",
      "resolved": "https://registry.npmmirror.com/@types/linkify-it/download/@types/linkify-it-3.0.2.tgz",
      "integrity": "sha1-/SzS7bqn6qx+fzwXSLUqGRQ4Rsk="
    },
    "@types/markdown-it": {
      "version": "12.2.3",
      "resolved": "https://registry.npmmirror.com/@types/markdown-it/download/@types/markdown-it-12.2.3.tgz",
      "integrity": "sha1-DW9uXkE/jaqiZSKQRZe+PWzZO1E=",
      "requires": {
        "@types/linkify-it": "*",
        "@types/mdurl": "*"
      }
    },
    "@types/mdurl": {
      "version": "1.0.2",
      "resolved": "https://registry.npmmirror.com/@types/mdurl/download/@types/mdurl-1.0.2.tgz",
      "integrity": "sha1-4s6dg6YTus8oTHvn1JGUXjnh+Ok="
    },
    "@types/node": {
      "version": "16.11.11",
      "resolved": "https://registry.npmmirror.com/@types/node/download/@types/node-16.11.11.tgz",
      "integrity": "sha512-KB0sixD67CeecHC33MYn+eYARkqTheIRNuu97y2XMjR7Wu3XibO1vaY6VBV6O/a89SPI81cEUIYT87UqUWlZNw==",
      "dev": true
    },
    "@types/prismjs": {
      "version": "1.16.6",
      "resolved": "https://registry.npmmirror.com/@types/prismjs/download/@types/prismjs-1.16.6.tgz",
      "integrity": "sha1-N3BU9y9nGzbb54xRfOKyedg+zEA=",
      "dev": true
    },
    "@types/vscode": {
      "version": "1.62.0",
      "resolved": "https://registry.npmmirror.com/@types/vscode/download/@types/vscode-1.62.0.tgz",
      "integrity": "sha1-tNbRktWut16R0K3vaJw+zvmHnac=",
      "dev": true
    },
    "argparse": {
      "version": "2.0.1",
      "resolved": "https://registry.npmmirror.com/argparse/download/argparse-2.0.1.tgz",
      "integrity": "sha1-JG9Q88p4oyQPbJl+ipvR6sSeSzg="
    },
    "entities": {
      "version": "2.1.0",
      "resolved": "https://registry.npmmirror.com/entities/download/entities-2.1.0.tgz",
      "integrity": "sha1-mS0xKc999ocLlsV4WMJJoSD4uLU="
    },
    "github-markdown-css": {
      "version": "5.0.0",
      "resolved": "https://registry.npmmirror.com/github-markdown-css/download/github-markdown-css-5.0.0.tgz",
      "integrity": "sha1-gplmknZDQm8KQ6q+6ZkaPtUyKA0="
    },
    "highlight.js": {
      "version": "11.3.1",
      "resolved": "https://registry.npmmirror.com/highlight.js/download/highlight.js-11.3.1.tgz",
      "integrity": "sha1-gTB47zqlGcYXAPhP6QRyMcXcMpE="
    },
    "linkify-it": {
      "version": "3.0.3",
      "resolved": "https://registry.npmmirror.com/linkify-it/download/linkify-it-3.0.3.tgz",
      "integrity": "sha1-qYuvRM5FpVDvtNScdp0HUkzC+i4=",
      "requires": {
        "uc.micro": "^1.0.1"
      }
    },
    "markdown-it": {
      "version": "12.2.0",
      "resolved": "https://registry.npmmirror.com/markdown-it/download/markdown-it-12.2.0.tgz",
      "integrity": "sha1-CR9yD9XbIG+A3nqNHxpwNf0NONs=",
      "requires": {
        "argparse": "^2.0.1",
        "entities": "~2.1.0",
        "linkify-it": "^3.0.1",
        "mdurl": "^1.0.1",
        "uc.micro": "^1.0.5"
      }
    },
    "markdown-it-abbr": {
      "version": "1.0.4",
      "resolved": "https://registry.npmmirror.com/markdown-it-abbr/download/markdown-it-abbr-1.0.4.tgz",
      "integrity": "sha1-1mtTZFIcuz3Yqlna37ovtoZcj9g="
    },
    "markdown-it-anchor": {
      "version": "8.4.1",
      "resolved": "https://registry.npmmirror.com/markdown-it-anchor/download/markdown-it-anchor-8.4.1.tgz",
      "integrity": "sha1-KeVgWT9e24CyX9q4sj+T74qRsx4=",
      "requires": {}
    },
    "markdown-it-attrs": {
      "version": "4.1.0",
      "resolved": "https://registry.npmmirror.com/markdown-it-attrs/download/markdown-it-attrs-4.1.0.tgz",
      "integrity": "sha1-4n8CPNhzGxW0pelx1R5vRbO5R7w=",
      "requires": {}
    },
    "markdown-it-deflist": {
      "version": "2.1.0",
      "resolved": "https://registry.npmmirror.com/markdown-it-deflist/download/markdown-it-deflist-2.1.0.tgz",
      "integrity": "sha1-UNela5VEzYElL3YjvXheKKjc71w="
    },
    "markdown-it-footnote": {
      "version": "3.0.3",
      "resolved": "https://registry.npmmirror.com/markdown-it-footnote/download/markdown-it-footnote-3.0.3.tgz",
      "integrity": "sha1-4OTA1nOQpMXwx19zvmBcfBkMpNg="
    },
    "markdown-it-mark": {
      "version": "3.0.1",
      "resolved": "https://registry.npmmirror.com/markdown-it-mark/download/markdown-it-mark-3.0.1.tgz",
      "integrity": "sha1-USV9tYeH14qvRtwTQY2ZqfPw69M="
    },
    "markdown-it-sub": {
      "version": "1.0.0",
      "resolved": "https://registry.npmmirror.com/markdown-it-sub/download/markdown-it-sub-1.0.0.tgz",
      "integrity": "sha1-N1/WAm6ufdywEkl/ZBEZXqHjr+g="
    },
    "markdown-it-sup": {
      "version": "1.0.0",
      "resolved": "https://registry.npmmirror.com/markdown-it-sup/download/markdown-it-sup-1.0.0.tgz",
      "integrity": "sha1-y5yf+RpSVawI8/09YyhuFd8KH8M="
    },
    "markdown-it-table-of-contents": {
      "version": "0.6.0",
      "resolved": "https://registry.npmmirror.com/markdown-it-table-of-contents/download/markdown-it-table-of-contents-0.6.0.tgz",
      "integrity": "sha512-jHvEjZVEibyW97zEYg19mZCIXO16lHbvRaPDkEuOfMPBmzlI7cYczMZLMfUvwkhdOVQpIxu3gx6mgaw46KsNsQ=="
    },
    "markdown-it-task-lists": {
      "version": "2.1.1",
      "resolved": "https://registry.npmmirror.com/markdown-it-task-lists/download/markdown-it-task-lists-2.1.1.tgz",
      "integrity": "sha1-9o9NKsK61aLDc7qTCBoaaEhBcIg="
    },
    "markdown-it-underline": {
      "version": "1.0.1",
      "resolved": "https://registry.npmmirror.com/markdown-it-underline/download/markdown-it-underline-1.0.1.tgz",
      "integrity": "sha1-Q6VKVB2V1zm0MVdwHx2jBtfDALI="
    },
    "mdurl": {
      "version": "1.0.1",
      "resolved": "https://registry.npmmirror.com/mdurl/download/mdurl-1.0.1.tgz",
      "integrity": "sha1-/oWy7HWlkDfyrf7BAP1sYBdhFS4="
    },
    "prismjs": {
      "version": "1.25.0",
      "resolved": "https://registry.npmmirror.com/prismjs/download/prismjs-1.25.0.tgz",
      "integrity": "sha1-b4It8b2tllc0sxCzFaIzFc+Zl1Y="
    },
    "typescript": {
      "version": "4.5.2",
      "resolved": "https://registry.npmmirror.com/typescript/download/typescript-4.5.2.tgz",
      "integrity": "sha512-5BlMof9H1yGt0P8/WF+wPNw6GfctgGjXp5hkblpyT+8rkASSmkUKMXrxR0Xg8ThVCi/JnHQiKXeBaEwCeQwMFw==",
      "dev": true
    },
    "uc.micro": {
      "version": "1.0.6",
      "resolved": "https://registry.npmmirror.com/uc.micro/download/uc.micro-1.0.6.tgz",
      "integrity": "sha1-nEEagCpAmpH8bPdAgbq6NLJEmaw="
    }
  }
}
