{
  "name": "markdown-enhanced",
  "version": "0.1.0",
  "lockfileVersion": 2,
  "requires": true,
  "packages": {
    "": {
      "name": "markdown-enhanced",
      "version": "0.0.1",
      "license": "SEE LICENSE IN LICENSE",
      "dependencies": {
        "github-markdown-css": "^5.0.0",
        "highlight.js": "^11.3.1"
      },
      "devDependencies": {
        "@types/node": "^16.11.11",
        "@types/vscode": "^1.62.0",
        "typescript": "^4.4.3"
      },
      "engines": {
        "vscode": "^1.62.0"
      }
    },
    "node_modules/@types/node": {
      "version": "16.11.11",
      "resolved": "https://registry.npmmirror.com/@types/node/download/@types/node-16.11.11.tgz",
      "integrity": "sha512-KB0sixD67CeecHC33MYn+eYARkqTheIRNuu97y2XMjR7Wu3XibO1vaY6VBV6O/a89SPI81cEUIYT87UqUWlZNw==",
      "dev": true
    },
    "node_modules/@types/vscode": {
      "version": "1.62.0",
      "resolved": "https://registry.npmmirror.com/@types/vscode/download/@types/vscode-1.62.0.tgz",
      "integrity": "sha1-tNbRktWut16R0K3vaJw+zvmHnac=",
      "dev": true,
      "license": "MIT"
    },
    "node_modules/github-markdown-css": {
      "version": "5.0.0",
      "resolved": "https://registry.npmmirror.com/github-markdown-css/download/github-markdown-css-5.0.0.tgz",
      "integrity": "sha1-gplmknZDQm8KQ6q+6ZkaPtUyKA0=",
      "license": "MIT",
      "funding": {
        "url": "https://github.com/sponsors/sindresorhus"
      }
    },
    "node_modules/highlight.js": {
      "version": "11.3.1",
      "resolved": "https://registry.npmmirror.com/highlight.js/download/highlight.js-11.3.1.tgz",
      "integrity": "sha1-gTB47zqlGcYXAPhP6QRyMcXcMpE=",
      "license": "BSD-3-Clause",
      "engines": {
        "node": ">=12.0.0"
      }
    },
    "node_modules/typescript": {
      "version": "4.5.2",
      "resolved": "https://registry.npmmirror.com/typescript/download/typescript-4.5.2.tgz",
      "integrity": "sha512-5BlMof9H1yGt0P8/WF+wPNw6GfctgGjXp5hkblpyT+8rkASSmkUKMXrxR0Xg8ThVCi/JnHQiKXeBaEwCeQwMFw==",
      "dev": true,
      "bin": {
        "tsc": "bin/tsc",
        "tsserver": "bin/tsserver"
      },
      "engines": {
        "node": ">=4.2.0"
      }
    }
  },
  "dependencies": {
    "@types/node": {
      "version": "16.11.11",
      "resolved": "https://registry.npmmirror.com/@types/node/download/@types/node-16.11.11.tgz",
      "integrity": "sha512-KB0sixD67CeecHC33MYn+eYARkqTheIRNuu97y2XMjR7Wu3XibO1vaY6VBV6O/a89SPI81cEUIYT87UqUWlZNw==",
      "dev": true
    },
    "@types/vscode": {
      "version": "1.62.0",
      "resolved": "https://registry.npmmirror.com/@types/vscode/download/@types/vscode-1.62.0.tgz",
      "integrity": "sha1-tNbRktWut16R0K3vaJw+zvmHnac=",
      "dev": true
    },
    "github-markdown-css": {
      "version": "5.0.0",
      "resolved": "https://registry.npmmirror.com/github-markdown-css/download/github-markdown-css-5.0.0.tgz",
      "integrity": "sha1-gplmknZDQm8KQ6q+6ZkaPtUyKA0="
    },
    "highlight.js": {
      "version": "11.3.1",
      "resolved": "https://registry.npmmirror.com/highlight.js/download/highlight.js-11.3.1.tgz",
      "integrity": "sha1-gTB47zqlGcYXAPhP6QRyMcXcMpE="
    },
    "typescript": {
      "version": "4.5.2",
      "resolved": "https://registry.npmmirror.com/typescript/download/typescript-4.5.2.tgz",
      "integrity": "sha512-5BlMof9H1yGt0P8/WF+wPNw6GfctgGjXp5hkblpyT+8rkASSmkUKMXrxR0Xg8ThVCi/JnHQiKXeBaEwCeQwMFw==",
      "dev": true
    }
  }
}
